
Microsoft Visual Studio Solution File, Format Version 12.00
# Visual Studio 15
Project("{FAE04EC0-301F-11D3-BF4B-00C04F79EFBC}") = "Assembly-CSharp", "Assembly-CSharp.csproj", "{EFFAF5A5-9AF3-350D-866E-5A1931392670}"
EndProject
Global
	GlobalSection(SolutionConfigurationPlatforms) = preSolution
		Debug|Any CPU = Debug|Any CPU
		Release|Any CPU = Release|Any CPU
	EndGlobalSection
	GlobalSection(ProjectConfigurationPlatforms) = postSolution
		{EFFAF5A5-9AF3-350D-866E-5A1931392670}.Debug|Any CPU.ActiveCfg = Debug|Any CPU
		{EFFAF5A5-9AF3-350D-866E-5A1931392670}.Debug|Any CPU.Build.0 = Debug|Any CPU
		{EFFAF5A5-9AF3-350D-866E-5A1931392670}.Release|Any CPU.ActiveCfg = Release|Any CPU
		{EFFAF5A5-9AF3-350D-866E-5A1931392670}.Release|Any CPU.Build.0 = Release|Any CPU
	EndGlobalSection
	GlobalSection(SolutionProperties) = preSolution
		HideSolutionNode = FALSE
	EndGlobalSection
EndGlobal
